
Microsoft Visual Studio Solution File, Format Version 12.00
# Visual Studio Version 16
VisualStudioVersion = 16.0.31729.503
MinimumVisualStudioVersion = 10.0.40219.1
Project("{FAE04EC0-301F-11D3-BF4B-00C04F79EFBC}") = "AdventOfCode21", "AdventOfCode21\AdventOfCode21.csproj", "{727ED55C-F5C9-47FD-AC4B-E31AB44F46C8}"
EndProject
Project("{FAE04EC0-301F-11D3-BF4B-00C04F79EFBC}") = "AdventOfCode21.Tests", "AdventOfCode21.Tests\AdventOfCode21.Tests.csproj", "{BB64217C-B685-41C1-B684-5C583B613331}"
EndProject
Global
	GlobalSection(SolutionConfigurationPlatforms) = preSolution
		Debug|Any CPU = Debug|Any CPU
		Release|Any CPU = Release|Any CPU
	EndGlobalSection
	GlobalSection(ProjectConfigurationPlatforms) = postSolution
		{727ED55C-F5C9-47FD-AC4B-E31AB44F46C8}.Debug|Any CPU.ActiveCfg = Debug|Any CPU
		{727ED55C-F5C9-47FD-AC4B-E31AB44F46C8}.Debug|Any CPU.Build.0 = Debug|Any CPU
		{727ED55C-F5C9-47FD-AC4B-E31AB44F46C8}.Release|Any CPU.ActiveCfg = Release|Any CPU
		{727ED55C-F5C9-47FD-AC4B-E31AB44F46C8}.Release|Any CPU.Build.0 = Release|Any CPU
		{BB64217C-B685-41C1-B684-5C583B613331}.Debug|Any CPU.ActiveCfg = Debug|Any CPU
		{BB64217C-B685-41C1-B684-5C583B613331}.Debug|Any CPU.Build.0 = Debug|Any CPU
		{BB64217C-B685-41C1-B684-5C583B613331}.Release|Any CPU.ActiveCfg = Release|Any CPU
		{BB64217C-B685-41C1-B684-5C583B613331}.Release|Any CPU.Build.0 = Release|Any CPU
	EndGlobalSection
	GlobalSection(SolutionProperties) = preSolution
		HideSolutionNode = FALSE
	EndGlobalSection
	GlobalSection(ExtensibilityGlobals) = postSolution
		SolutionGuid = {CDE8357B-D567-4CBF-A479-3B0DC8026F89}
	EndGlobalSection
EndGlobal
